
Microsoft Visual Studio Solution File, Format Version 12.00
# Visual Studio 2012
Project("{FAE04EC0-301F-11D3-BF4B-00C04F79EFBC}") = "MemoTree", "MemoTree\MemoTree.csproj", "{CD6717F9-01EE-49A8-BDEA-F4E1437E0E3F}"
EndProject
Global
	GlobalSection(SolutionConfigurationPlatforms) = preSolution
		Debug|x86 = Debug|x86
		Release|x86 = Release|x86
	EndGlobalSection
	GlobalSection(ProjectConfigurationPlatforms) = postSolution
		{CD6717F9-01EE-49A8-BDEA-F4E1437E0E3F}.Debug|x86.ActiveCfg = Debug|x86
		{CD6717F9-01EE-49A8-BDEA-F4E1437E0E3F}.Debug|x86.Build.0 = Debug|x86
		{CD6717F9-01EE-49A8-BDEA-F4E1437E0E3F}.Release|x86.ActiveCfg = Release|x86
		{CD6717F9-01EE-49A8-BDEA-F4E1437E0E3F}.Release|x86.Build.0 = Release|x86
	EndGlobalSection
EndGlobal
